
Microsoft Visual Studio Solution File, Format Version 12.00
# Visual Studio Version 17
VisualStudioVersion = 17.2.32505.173
MinimumVisualStudioVersion = 10.0.40219.1
Project("{FAE04EC0-301F-11D3-BF4B-00C04F79EFBC}") = "Practice", "Practice\Practice.csproj", "{9CCD5BB0-A18F-478C-B96A-1EC6D6F92182}"
EndProject
Global
	GlobalSection(SolutionConfigurationPlatforms) = preSolution
		Debug|Any CPU = Debug|Any CPU
		Release|Any CPU = Release|Any CPU
	EndGlobalSection
	GlobalSection(ProjectConfigurationPlatforms) = postSolution
		{9CCD5BB0-A18F-478C-B96A-1EC6D6F92182}.Debug|Any CPU.ActiveCfg = Debug|Any CPU
		{9CCD5BB0-A18F-478C-B96A-1EC6D6F92182}.Debug|Any CPU.Build.0 = Debug|Any CPU
		{9CCD5BB0-A18F-478C-B96A-1EC6D6F92182}.Release|Any CPU.ActiveCfg = Release|Any CPU
		{9CCD5BB0-A18F-478C-B96A-1EC6D6F92182}.Release|Any CPU.Build.0 = Release|Any CPU
	EndGlobalSection
	GlobalSection(SolutionProperties) = preSolution
		HideSolutionNode = FALSE
	EndGlobalSection
	GlobalSection(ExtensibilityGlobals) = postSolution
		SolutionGuid = {8408ACF7-2128-420B-AFBB-BC7D29B21391}
	EndGlobalSection
EndGlobal
